
Microsoft Visual Studio Solution File, Format Version 11.00
# Visual Studio 2010
Project("{FAE04EC0-301F-11D3-BF4B-00C04F79EFBC}") = "Office2010InstructorModeAddin", "Office2010InstructorModeAddin\Office2010InstructorModeAddin.csproj", "{652C7FA1-167C-4FD2-8057-1C083E711AE1}"
EndProject
Project("{54435603-DBB4-11D2-8724-00A0C9A8B90C}") = "Office2010InstructorModeAddinSetup", "Office2010InstructorModeAddinSetup\Office2010InstructorModeAddinSetup.vdproj", "{A396CEFC-3D84-42C8-9C5C-21EB3988CBA4}"
EndProject
Project("{54435603-DBB4-11D2-8724-00A0C9A8B90C}") = "Office2010InstructorModeAddinSetup_x64", "Office2010InstructorModeAddinSetup_x64\Office2010InstructorModeAddinSetup_x64.vdproj", "{CAF47F03-0E30-4119-8B29-9A6517564C31}"
EndProject
Global
	GlobalSection(SolutionConfigurationPlatforms) = preSolution
		Debug|Any CPU = Debug|Any CPU
		Release|Any CPU = Release|Any CPU
	EndGlobalSection
	GlobalSection(ProjectConfigurationPlatforms) = postSolution
		{652C7FA1-167C-4FD2-8057-1C083E711AE1}.Debug|Any CPU.ActiveCfg = Debug|Any CPU
		{652C7FA1-167C-4FD2-8057-1C083E711AE1}.Debug|Any CPU.Build.0 = Debug|Any CPU
		{652C7FA1-167C-4FD2-8057-1C083E711AE1}.Release|Any CPU.ActiveCfg = Release|Any CPU
		{652C7FA1-167C-4FD2-8057-1C083E711AE1}.Release|Any CPU.Build.0 = Release|Any CPU
		{A396CEFC-3D84-42C8-9C5C-21EB3988CBA4}.Debug|Any CPU.ActiveCfg = Debug
		{A396CEFC-3D84-42C8-9C5C-21EB3988CBA4}.Release|Any CPU.ActiveCfg = Release
		{CAF47F03-0E30-4119-8B29-9A6517564C31}.Debug|Any CPU.ActiveCfg = Debug
		{CAF47F03-0E30-4119-8B29-9A6517564C31}.Release|Any CPU.ActiveCfg = Release
	EndGlobalSection
	GlobalSection(SolutionProperties) = preSolution
		HideSolutionNode = FALSE
	EndGlobalSection
EndGlobal
